
Microsoft Visual Studio Solution File, Format Version 12.00
Project("{FAE04EC0-301F-11D3-BF4B-00C04F79EFBC}") = "AlexGuitarsShop.Web", "AlexGuitarsShop.Web\AlexGuitarsShop.Web.csproj", "{6E8234D8-4FB2-47EA-8B16-DF7C7D9A4356}"
EndProject
Project("{FAE04EC0-301F-11D3-BF4B-00C04F79EFBC}") = "AlexGuitarsShop.Domain", "AlexGuitarsShop.Domain\AlexGuitarsShop.Domain.csproj", "{0CF199BE-4F93-4B2D-92CB-C0087FDDCA90}"
EndProject
Project("{FAE04EC0-301F-11D3-BF4B-00C04F79EFBC}") = "AlexGuitarsShop.DAL", "AlexGuitarsShop.DAL\AlexGuitarsShop.DAL.csproj", "{10BEE3C1-BE9F-4B26-ACD0-F9FAAD651C86}"
EndProject
Project("{FAE04EC0-301F-11D3-BF4B-00C04F79EFBC}") = "AlexGuitarsShop.Scripts", "AlexGuitarsShop.Scripts\AlexGuitarsShop.Scripts.csproj", "{691406D2-E186-48E0-800A-2B15A58B4DD4}"
EndProject
Project("{FAE04EC0-301F-11D3-BF4B-00C04F79EFBC}") = "AlexGuitarsShop", "AlexGuitarsShop\AlexGuitarsShop.csproj", "{35580F34-1EF4-466D-9A94-D9A878216575}"
EndProject
Project("{FAE04EC0-301F-11D3-BF4B-00C04F79EFBC}") = "AlexGuitarsShop.Web.Domain", "AlexGuitarsShop.Web.Domain\AlexGuitarsShop.Web.Domain.csproj", "{960C9343-82FC-4D66-8A21-0A983B78345F}"
EndProject
Project("{FAE04EC0-301F-11D3-BF4B-00C04F79EFBC}") = "AlexGuitarsShop.Common", "AlexGuitarsShop.Common\AlexGuitarsShop.Common.csproj", "{755248E0-AE03-4DD6-940D-9483D9A28AC5}"
EndProject
Project("{FAE04EC0-301F-11D3-BF4B-00C04F79EFBC}") = "AlexGuitarsShop.Common.Tests", "AlexGuitarsShop.Common.Tests\AlexGuitarsShop.Common.Tests.csproj", "{CEFB92E2-A2DC-4B75-8713-36334CED1709}"
EndProject
Project("{FAE04EC0-301F-11D3-BF4B-00C04F79EFBC}") = "AlexGuitarsShop.Web.Domain.Tests", "AlexGuitarsShop.Web.Domain.Tests\AlexGuitarsShop.Web.Domain.Tests.csproj", "{828CA691-C72B-4AD3-8575-FA7623D59A6A}"
EndProject
Project("{FAE04EC0-301F-11D3-BF4B-00C04F79EFBC}") = "AlexGuitarsShop.Tests", "AlexGuitarsShop.Tests\AlexGuitarsShop.Tests.csproj", "{274D9C0A-75DD-4C89-8797-6EF274E68E81}"
EndProject
Project("{FAE04EC0-301F-11D3-BF4B-00C04F79EFBC}") = "AlexGuitarsShop.Domain.Tests", "AlexGuitarsShop.Domain.Tests\AlexGuitarsShop.Domain.Tests.csproj", "{4799F61D-68C2-4999-B6EB-9B55BC28D284}"
EndProject
Global
	GlobalSection(SolutionConfigurationPlatforms) = preSolution
		Debug|Any CPU = Debug|Any CPU
		Release|Any CPU = Release|Any CPU
	EndGlobalSection
	GlobalSection(ProjectConfigurationPlatforms) = postSolution
		{6E8234D8-4FB2-47EA-8B16-DF7C7D9A4356}.Debug|Any CPU.ActiveCfg = Debug|Any CPU
		{6E8234D8-4FB2-47EA-8B16-DF7C7D9A4356}.Debug|Any CPU.Build.0 = Debug|Any CPU
		{6E8234D8-4FB2-47EA-8B16-DF7C7D9A4356}.Release|Any CPU.ActiveCfg = Release|Any CPU
		{6E8234D8-4FB2-47EA-8B16-DF7C7D9A4356}.Release|Any CPU.Build.0 = Release|Any CPU
		{0CF199BE-4F93-4B2D-92CB-C0087FDDCA90}.Debug|Any CPU.ActiveCfg = Debug|Any CPU
		{0CF199BE-4F93-4B2D-92CB-C0087FDDCA90}.Debug|Any CPU.Build.0 = Debug|Any CPU
		{0CF199BE-4F93-4B2D-92CB-C0087FDDCA90}.Release|Any CPU.ActiveCfg = Release|Any CPU
		{0CF199BE-4F93-4B2D-92CB-C0087FDDCA90}.Release|Any CPU.Build.0 = Release|Any CPU
		{10BEE3C1-BE9F-4B26-ACD0-F9FAAD651C86}.Debug|Any CPU.ActiveCfg = Debug|Any CPU
		{10BEE3C1-BE9F-4B26-ACD0-F9FAAD651C86}.Debug|Any CPU.Build.0 = Debug|Any CPU
		{10BEE3C1-BE9F-4B26-ACD0-F9FAAD651C86}.Release|Any CPU.ActiveCfg = Release|Any CPU
		{10BEE3C1-BE9F-4B26-ACD0-F9FAAD651C86}.Release|Any CPU.Build.0 = Release|Any CPU
		{691406D2-E186-48E0-800A-2B15A58B4DD4}.Debug|Any CPU.ActiveCfg = Debug|Any CPU
		{691406D2-E186-48E0-800A-2B15A58B4DD4}.Debug|Any CPU.Build.0 = Debug|Any CPU
		{691406D2-E186-48E0-800A-2B15A58B4DD4}.Release|Any CPU.ActiveCfg = Release|Any CPU
		{691406D2-E186-48E0-800A-2B15A58B4DD4}.Release|Any CPU.Build.0 = Release|Any CPU
		{35580F34-1EF4-466D-9A94-D9A878216575}.Debug|Any CPU.ActiveCfg = Debug|Any CPU
		{35580F34-1EF4-466D-9A94-D9A878216575}.Debug|Any CPU.Build.0 = Debug|Any CPU
		{35580F34-1EF4-466D-9A94-D9A878216575}.Release|Any CPU.ActiveCfg = Release|Any CPU
		{35580F34-1EF4-466D-9A94-D9A878216575}.Release|Any CPU.Build.0 = Release|Any CPU
		{960C9343-82FC-4D66-8A21-0A983B78345F}.Debug|Any CPU.ActiveCfg = Debug|Any CPU
		{960C9343-82FC-4D66-8A21-0A983B78345F}.Debug|Any CPU.Build.0 = Debug|Any CPU
		{960C9343-82FC-4D66-8A21-0A983B78345F}.Release|Any CPU.ActiveCfg = Release|Any CPU
		{960C9343-82FC-4D66-8A21-0A983B78345F}.Release|Any CPU.Build.0 = Release|Any CPU
		{755248E0-AE03-4DD6-940D-9483D9A28AC5}.Debug|Any CPU.ActiveCfg = Debug|Any CPU
		{755248E0-AE03-4DD6-940D-9483D9A28AC5}.Debug|Any CPU.Build.0 = Debug|Any CPU
		{755248E0-AE03-4DD6-940D-9483D9A28AC5}.Release|Any CPU.ActiveCfg = Release|Any CPU
		{755248E0-AE03-4DD6-940D-9483D9A28AC5}.Release|Any CPU.Build.0 = Release|Any CPU
		{CEFB92E2-A2DC-4B75-8713-36334CED1709}.Debug|Any CPU.ActiveCfg = Debug|Any CPU
		{CEFB92E2-A2DC-4B75-8713-36334CED1709}.Debug|Any CPU.Build.0 = Debug|Any CPU
		{CEFB92E2-A2DC-4B75-8713-36334CED1709}.Release|Any CPU.ActiveCfg = Release|Any CPU
		{CEFB92E2-A2DC-4B75-8713-36334CED1709}.Release|Any CPU.Build.0 = Release|Any CPU
		{828CA691-C72B-4AD3-8575-FA7623D59A6A}.Debug|Any CPU.ActiveCfg = Debug|Any CPU
		{828CA691-C72B-4AD3-8575-FA7623D59A6A}.Debug|Any CPU.Build.0 = Debug|Any CPU
		{828CA691-C72B-4AD3-8575-FA7623D59A6A}.Release|Any CPU.ActiveCfg = Release|Any CPU
		{828CA691-C72B-4AD3-8575-FA7623D59A6A}.Release|Any CPU.Build.0 = Release|Any CPU
		{274D9C0A-75DD-4C89-8797-6EF274E68E81}.Debug|Any CPU.ActiveCfg = Debug|Any CPU
		{274D9C0A-75DD-4C89-8797-6EF274E68E81}.Debug|Any CPU.Build.0 = Debug|Any CPU
		{274D9C0A-75DD-4C89-8797-6EF274E68E81}.Release|Any CPU.ActiveCfg = Release|Any CPU
		{274D9C0A-75DD-4C89-8797-6EF274E68E81}.Release|Any CPU.Build.0 = Release|Any CPU
		{4799F61D-68C2-4999-B6EB-9B55BC28D284}.Debug|Any CPU.ActiveCfg = Debug|Any CPU
		{4799F61D-68C2-4999-B6EB-9B55BC28D284}.Debug|Any CPU.Build.0 = Debug|Any CPU
		{4799F61D-68C2-4999-B6EB-9B55BC28D284}.Release|Any CPU.ActiveCfg = Release|Any CPU
		{4799F61D-68C2-4999-B6EB-9B55BC28D284}.Release|Any CPU.Build.0 = Release|Any CPU
	EndGlobalSection
	GlobalSection(NestedProjects) = preSolution
	EndGlobalSection
EndGlobal
